
Microsoft Visual Studio Solution File, Format Version 12.00
Project("{FAE04EC0-301F-11D3-BF4B-00C04F79EFBC}") = "TaskAndTPL", "TaskAndTPL\TaskAndTPL.csproj", "{97594B76-F0DD-41AF-B76E-D78958D0DF60}"
EndProject
Project("{FAE04EC0-301F-11D3-BF4B-00C04F79EFBC}") = "FacadeTask", "FacadeTask\FacadeTask.csproj", "{6327109E-ACA9-4D05-A418-F67C98FFBB03}"
EndProject
Project("{FAE04EC0-301F-11D3-BF4B-00C04F79EFBC}") = "TaskWait", "TaskWait\TaskWait.csproj", "{287E5B12-E266-4129-B3D7-80A4261B6452}"
EndProject
Project("{FAE04EC0-301F-11D3-BF4B-00C04F79EFBC}") = "TaskResult", "TaskResult\TaskResult.csproj", "{0E7C4F40-629C-43B5-969D-7786FFE40647}"
EndProject
Project("{FAE04EC0-301F-11D3-BF4B-00C04F79EFBC}") = "ComposingTask", "ComposingTask\ComposingTask.csproj", "{06CC55AE-FEA4-4B02-96D0-FA4AF0FD8AE6}"
EndProject
Project("{FAE04EC0-301F-11D3-BF4B-00C04F79EFBC}") = "TaskExceptions", "TaskExceptions\TaskExceptions.csproj", "{86CA2FF7-6DBF-4F34-9A7F-8D4D9A9172C3}"
EndProject
Project("{FAE04EC0-301F-11D3-BF4B-00C04F79EFBC}") = "ChildTaskExceptions", "ChildTaskExceptions\ChildTaskExceptions.csproj", "{FE3B4A21-2907-4D92-B9E2-83EC240FCF4D}"
EndProject
Project("{FAE04EC0-301F-11D3-BF4B-00C04F79EFBC}") = "ErrorHandling_ContinueWith", "ErrorHandling_ContinueWith\ErrorHandling_ContinueWith.csproj", "{1EF5EE44-5D79-42C7-95D8-DC1D7879171C}"
EndProject
Project("{FAE04EC0-301F-11D3-BF4B-00C04F79EFBC}") = "CancellationTokens", "CancellationTokens\CancellationTokens.csproj", "{90916182-5042-43C0-80DD-E9A1226F472E}"
EndProject
Project("{FAE04EC0-301F-11D3-BF4B-00C04F79EFBC}") = "RaceConditions", "RaceConditions\RaceConditions.csproj", "{717280D9-CCDF-4738-BEF5-D9BBC33DBEB7}"
EndProject
Global
	GlobalSection(SolutionConfigurationPlatforms) = preSolution
		Debug|Any CPU = Debug|Any CPU
		Release|Any CPU = Release|Any CPU
	EndGlobalSection
	GlobalSection(ProjectConfigurationPlatforms) = postSolution
		{97594B76-F0DD-41AF-B76E-D78958D0DF60}.Debug|Any CPU.ActiveCfg = Debug|Any CPU
		{97594B76-F0DD-41AF-B76E-D78958D0DF60}.Debug|Any CPU.Build.0 = Debug|Any CPU
		{97594B76-F0DD-41AF-B76E-D78958D0DF60}.Release|Any CPU.ActiveCfg = Release|Any CPU
		{97594B76-F0DD-41AF-B76E-D78958D0DF60}.Release|Any CPU.Build.0 = Release|Any CPU
		{6327109E-ACA9-4D05-A418-F67C98FFBB03}.Debug|Any CPU.ActiveCfg = Debug|Any CPU
		{6327109E-ACA9-4D05-A418-F67C98FFBB03}.Debug|Any CPU.Build.0 = Debug|Any CPU
		{6327109E-ACA9-4D05-A418-F67C98FFBB03}.Release|Any CPU.ActiveCfg = Release|Any CPU
		{6327109E-ACA9-4D05-A418-F67C98FFBB03}.Release|Any CPU.Build.0 = Release|Any CPU
		{287E5B12-E266-4129-B3D7-80A4261B6452}.Debug|Any CPU.ActiveCfg = Debug|Any CPU
		{287E5B12-E266-4129-B3D7-80A4261B6452}.Debug|Any CPU.Build.0 = Debug|Any CPU
		{287E5B12-E266-4129-B3D7-80A4261B6452}.Release|Any CPU.ActiveCfg = Release|Any CPU
		{287E5B12-E266-4129-B3D7-80A4261B6452}.Release|Any CPU.Build.0 = Release|Any CPU
		{0E7C4F40-629C-43B5-969D-7786FFE40647}.Debug|Any CPU.ActiveCfg = Debug|Any CPU
		{0E7C4F40-629C-43B5-969D-7786FFE40647}.Debug|Any CPU.Build.0 = Debug|Any CPU
		{0E7C4F40-629C-43B5-969D-7786FFE40647}.Release|Any CPU.ActiveCfg = Release|Any CPU
		{0E7C4F40-629C-43B5-969D-7786FFE40647}.Release|Any CPU.Build.0 = Release|Any CPU
		{06CC55AE-FEA4-4B02-96D0-FA4AF0FD8AE6}.Debug|Any CPU.ActiveCfg = Debug|Any CPU
		{06CC55AE-FEA4-4B02-96D0-FA4AF0FD8AE6}.Debug|Any CPU.Build.0 = Debug|Any CPU
		{06CC55AE-FEA4-4B02-96D0-FA4AF0FD8AE6}.Release|Any CPU.ActiveCfg = Release|Any CPU
		{06CC55AE-FEA4-4B02-96D0-FA4AF0FD8AE6}.Release|Any CPU.Build.0 = Release|Any CPU
		{86CA2FF7-6DBF-4F34-9A7F-8D4D9A9172C3}.Debug|Any CPU.ActiveCfg = Debug|Any CPU
		{86CA2FF7-6DBF-4F34-9A7F-8D4D9A9172C3}.Debug|Any CPU.Build.0 = Debug|Any CPU
		{86CA2FF7-6DBF-4F34-9A7F-8D4D9A9172C3}.Release|Any CPU.ActiveCfg = Release|Any CPU
		{86CA2FF7-6DBF-4F34-9A7F-8D4D9A9172C3}.Release|Any CPU.Build.0 = Release|Any CPU
		{FE3B4A21-2907-4D92-B9E2-83EC240FCF4D}.Debug|Any CPU.ActiveCfg = Debug|Any CPU
		{FE3B4A21-2907-4D92-B9E2-83EC240FCF4D}.Debug|Any CPU.Build.0 = Debug|Any CPU
		{FE3B4A21-2907-4D92-B9E2-83EC240FCF4D}.Release|Any CPU.ActiveCfg = Release|Any CPU
		{FE3B4A21-2907-4D92-B9E2-83EC240FCF4D}.Release|Any CPU.Build.0 = Release|Any CPU
		{1EF5EE44-5D79-42C7-95D8-DC1D7879171C}.Debug|Any CPU.ActiveCfg = Debug|Any CPU
		{1EF5EE44-5D79-42C7-95D8-DC1D7879171C}.Debug|Any CPU.Build.0 = Debug|Any CPU
		{1EF5EE44-5D79-42C7-95D8-DC1D7879171C}.Release|Any CPU.ActiveCfg = Release|Any CPU
		{1EF5EE44-5D79-42C7-95D8-DC1D7879171C}.Release|Any CPU.Build.0 = Release|Any CPU
		{90916182-5042-43C0-80DD-E9A1226F472E}.Debug|Any CPU.ActiveCfg = Debug|Any CPU
		{90916182-5042-43C0-80DD-E9A1226F472E}.Debug|Any CPU.Build.0 = Debug|Any CPU
		{90916182-5042-43C0-80DD-E9A1226F472E}.Release|Any CPU.ActiveCfg = Release|Any CPU
		{90916182-5042-43C0-80DD-E9A1226F472E}.Release|Any CPU.Build.0 = Release|Any CPU
		{717280D9-CCDF-4738-BEF5-D9BBC33DBEB7}.Debug|Any CPU.ActiveCfg = Debug|Any CPU
		{717280D9-CCDF-4738-BEF5-D9BBC33DBEB7}.Debug|Any CPU.Build.0 = Debug|Any CPU
		{717280D9-CCDF-4738-BEF5-D9BBC33DBEB7}.Release|Any CPU.ActiveCfg = Release|Any CPU
		{717280D9-CCDF-4738-BEF5-D9BBC33DBEB7}.Release|Any CPU.Build.0 = Release|Any CPU
	EndGlobalSection
EndGlobal
